
Microsoft Visual Studio Solution File, Format Version 12.00
Project("{FAE04EC0-301F-11D3-BF4B-00C04F79EFBC}") = "WebApplication", "WebApplication\WebApplication.csproj", "{29B731EE-3DBF-42A3-9E61-D16C87BC058C}"
EndProject
Global
	GlobalSection(SolutionConfigurationPlatforms) = preSolution
		Debug|Any CPU = Debug|Any CPU
		Release|Any CPU = Release|Any CPU
	EndGlobalSection
	GlobalSection(ProjectConfigurationPlatforms) = postSolution
		{29B731EE-3DBF-42A3-9E61-D16C87BC058C}.Debug|Any CPU.ActiveCfg = Debug|Any CPU
		{29B731EE-3DBF-42A3-9E61-D16C87BC058C}.Debug|Any CPU.Build.0 = Debug|Any CPU
		{29B731EE-3DBF-42A3-9E61-D16C87BC058C}.Release|Any CPU.ActiveCfg = Release|Any CPU
		{29B731EE-3DBF-42A3-9E61-D16C87BC058C}.Release|Any CPU.Build.0 = Release|Any CPU
	EndGlobalSection
EndGlobal
